
Microsoft Visual Studio Solution File, Format Version 12.00
# Visual Studio 15
Project("{FAE04EC0-301F-11D3-BF4B-00C04F79EFBC}") = "XamarinSummitLive2020.Android", "XamarinSummitLive2020.Android\XamarinSummitLive2020.Android.csproj", "{F7FBB321-ACDC-4D3D-90AD-DDAC3F5CDA87}"
EndProject
Project("{FAE04EC0-301F-11D3-BF4B-00C04F79EFBC}") = "XamarinSummitLive2020.iOS", "XamarinSummitLive2020.iOS\XamarinSummitLive2020.iOS.csproj", "{234EBD20-6F1B-4F2D-8C10-78F51BCC9329}"
EndProject
Project("{FAE04EC0-301F-11D3-BF4B-00C04F79EFBC}") = "XamarinSummitLive2020", "XamarinSummitLive2020\XamarinSummitLive2020.csproj", "{9F97ED77-7A7D-42A1-B8A0-EDB73AC0974A}"
EndProject
Global
	GlobalSection(SolutionConfigurationPlatforms) = preSolution
		Debug|Any CPU = Debug|Any CPU
		Release|Any CPU = Release|Any CPU
		Debug|iPhoneSimulator = Debug|iPhoneSimulator
		Release|iPhoneSimulator = Release|iPhoneSimulator
		Debug|iPhone = Debug|iPhone
		Release|iPhone = Release|iPhone
	EndGlobalSection
	GlobalSection(ProjectConfigurationPlatforms) = postSolution
		{F7FBB321-ACDC-4D3D-90AD-DDAC3F5CDA87}.Debug|Any CPU.ActiveCfg = Debug|Any CPU
		{F7FBB321-ACDC-4D3D-90AD-DDAC3F5CDA87}.Debug|Any CPU.Build.0 = Debug|Any CPU
		{F7FBB321-ACDC-4D3D-90AD-DDAC3F5CDA87}.Release|Any CPU.ActiveCfg = Release|Any CPU
		{F7FBB321-ACDC-4D3D-90AD-DDAC3F5CDA87}.Release|Any CPU.Build.0 = Release|Any CPU
		{F7FBB321-ACDC-4D3D-90AD-DDAC3F5CDA87}.Debug|iPhoneSimulator.ActiveCfg = Debug|Any CPU
		{F7FBB321-ACDC-4D3D-90AD-DDAC3F5CDA87}.Debug|iPhoneSimulator.Build.0 = Debug|Any CPU
		{F7FBB321-ACDC-4D3D-90AD-DDAC3F5CDA87}.Release|iPhoneSimulator.ActiveCfg = Release|Any CPU
		{F7FBB321-ACDC-4D3D-90AD-DDAC3F5CDA87}.Release|iPhoneSimulator.Build.0 = Release|Any CPU
		{F7FBB321-ACDC-4D3D-90AD-DDAC3F5CDA87}.Debug|iPhone.ActiveCfg = Debug|Any CPU
		{F7FBB321-ACDC-4D3D-90AD-DDAC3F5CDA87}.Debug|iPhone.Build.0 = Debug|Any CPU
		{F7FBB321-ACDC-4D3D-90AD-DDAC3F5CDA87}.Release|iPhone.ActiveCfg = Release|Any CPU
		{F7FBB321-ACDC-4D3D-90AD-DDAC3F5CDA87}.Release|iPhone.Build.0 = Release|Any CPU
		{234EBD20-6F1B-4F2D-8C10-78F51BCC9329}.Debug|Any CPU.ActiveCfg = Debug|iPhoneSimulator
		{234EBD20-6F1B-4F2D-8C10-78F51BCC9329}.Debug|Any CPU.Build.0 = Debug|iPhoneSimulator
		{234EBD20-6F1B-4F2D-8C10-78F51BCC9329}.Release|Any CPU.ActiveCfg = Release|iPhoneSimulator
		{234EBD20-6F1B-4F2D-8C10-78F51BCC9329}.Release|Any CPU.Build.0 = Release|iPhoneSimulator
		{234EBD20-6F1B-4F2D-8C10-78F51BCC9329}.Debug|iPhoneSimulator.ActiveCfg = Debug|iPhoneSimulator
		{234EBD20-6F1B-4F2D-8C10-78F51BCC9329}.Debug|iPhoneSimulator.Build.0 = Debug|iPhoneSimulator
		{234EBD20-6F1B-4F2D-8C10-78F51BCC9329}.Release|iPhoneSimulator.ActiveCfg = Release|iPhoneSimulator
		{234EBD20-6F1B-4F2D-8C10-78F51BCC9329}.Release|iPhoneSimulator.Build.0 = Release|iPhoneSimulator
		{234EBD20-6F1B-4F2D-8C10-78F51BCC9329}.Debug|iPhone.ActiveCfg = Debug|iPhone
		{234EBD20-6F1B-4F2D-8C10-78F51BCC9329}.Debug|iPhone.Build.0 = Debug|iPhone
		{234EBD20-6F1B-4F2D-8C10-78F51BCC9329}.Release|iPhone.ActiveCfg = Release|iPhone
		{234EBD20-6F1B-4F2D-8C10-78F51BCC9329}.Release|iPhone.Build.0 = Release|iPhone
		{9F97ED77-7A7D-42A1-B8A0-EDB73AC0974A}.Debug|Any CPU.ActiveCfg = Debug|Any CPU
		{9F97ED77-7A7D-42A1-B8A0-EDB73AC0974A}.Debug|Any CPU.Build.0 = Debug|Any CPU
		{9F97ED77-7A7D-42A1-B8A0-EDB73AC0974A}.Release|Any CPU.ActiveCfg = Release|Any CPU
		{9F97ED77-7A7D-42A1-B8A0-EDB73AC0974A}.Release|Any CPU.Build.0 = Release|Any CPU
		{9F97ED77-7A7D-42A1-B8A0-EDB73AC0974A}.Debug|iPhoneSimulator.ActiveCfg = Debug|Any CPU
		{9F97ED77-7A7D-42A1-B8A0-EDB73AC0974A}.Debug|iPhoneSimulator.Build.0 = Debug|Any CPU
		{9F97ED77-7A7D-42A1-B8A0-EDB73AC0974A}.Release|iPhoneSimulator.ActiveCfg = Release|Any CPU
		{9F97ED77-7A7D-42A1-B8A0-EDB73AC0974A}.Release|iPhoneSimulator.Build.0 = Release|Any CPU
		{9F97ED77-7A7D-42A1-B8A0-EDB73AC0974A}.Debug|iPhone.ActiveCfg = Debug|Any CPU
		{9F97ED77-7A7D-42A1-B8A0-EDB73AC0974A}.Debug|iPhone.Build.0 = Debug|Any CPU
		{9F97ED77-7A7D-42A1-B8A0-EDB73AC0974A}.Release|iPhone.ActiveCfg = Release|Any CPU
		{9F97ED77-7A7D-42A1-B8A0-EDB73AC0974A}.Release|iPhone.Build.0 = Release|Any CPU
	EndGlobalSection
EndGlobal
